// !$*UTF8*$!
{
	archiveVersion = 1;
	classes = {
	};
	objectVersion = 55;
	objects = {

/* Begin PBXBuildFile section */
		DC1D061F26A091E10099500C /* main.cpp in Sources */ = {isa = PBXBuildFile; fileRef = DC1D061E26A091E10099500C /* main.cpp */; };
		DC1D063226A0943E0099500C /* utils.cpp in Sources */ = {isa = PBXBuildFile; fileRef = DC1D063026A0943E0099500C /* utils.cpp */; };
		DC1D063626A094F00099500C /* application.cpp in Sources */ = {isa = PBXBuildFile; fileRef = DC1D063426A094F00099500C /* application.cpp */; };
		DC1D063A26A099E20099500C /* snake_game.cpp in Sources */ = {isa = PBXBuildFile; fileRef = DC1D063826A099E20099500C /* snake_game.cpp */; };
		DC1D064026A099FE0099500C /* snake.cpp in Sources */ = {isa = PBXBuildFile; fileRef = DC1D063E26A099FE0099500C /* snake.cpp */; };
		DC1D064326A09A070099500C /* food.cpp in Sources */ = {isa = PBXBuildFile; fileRef = DC1D064126A09A070099500C /* food.cpp */; };
		DC6E96DA26A0E80100CC805C /* matrix.cpp in Sources */ = {isa = PBXBuildFile; fileRef = DC6E96D826A0E80100CC805C /* matrix.cpp */; };
		DC6E96DE26A0E9F200CC805C /* neural_network.cpp in Sources */ = {isa = PBXBuildFile; fileRef = DC6E96DC26A0E9F200CC805C /* neural_network.cpp */; };
/* End PBXBuildFile section */

/* Begin PBXFileReference section */
		DC1D061626A091E10099500C /* SnakeAI.app */ = {isa = PBXFileReference; explicitFileType = wrapper.application; includeInIndex = 0; path = SnakeAI.app; sourceTree = BUILT_PRODUCTS_DIR; };
		DC1D061E26A091E10099500C /* main.cpp */ = {isa = PBXFileReference; lastKnownFileType = sourcecode.cpp.cpp; path = main.cpp; sourceTree = "<group>"; };
		DC1D063026A0943E0099500C /* utils.cpp */ = {isa = PBXFileReference; lastKnownFileType = sourcecode.cpp.cpp; path = utils.cpp; sourceTree = "<group>"; };
		DC1D063126A0943E0099500C /* utils.hpp */ = {isa = PBXFileReference; lastKnownFileType = sourcecode.cpp.h; path = utils.hpp; sourceTree = "<group>"; };
		DC1D063326A094500099500C /* constants.h */ = {isa = PBXFileReference; lastKnownFileType = sourcecode.c.h; path = constants.h; sourceTree = "<group>"; };
		DC1D063426A094F00099500C /* application.cpp */ = {isa = PBXFileReference; lastKnownFileType = sourcecode.cpp.cpp; path = application.cpp; sourceTree = "<group>"; };
		DC1D063526A094F00099500C /* application.hpp */ = {isa = PBXFileReference; lastKnownFileType = sourcecode.cpp.h; path = application.hpp; sourceTree = "<group>"; };
		DC1D063826A099E20099500C /* snake_game.cpp */ = {isa = PBXFileReference; lastKnownFileType = sourcecode.cpp.cpp; path = snake_game.cpp; sourceTree = "<group>"; };
		DC1D063926A099E20099500C /* snake_game.hpp */ = {isa = PBXFileReference; lastKnownFileType = sourcecode.cpp.h; path = snake_game.hpp; sourceTree = "<group>"; };
		DC1D063E26A099FE0099500C /* snake.cpp */ = {isa = PBXFileReference; lastKnownFileType = sourcecode.cpp.cpp; path = snake.cpp; sourceTree = "<group>"; };
		DC1D063F26A099FE0099500C /* snake.hpp */ = {isa = PBXFileReference; lastKnownFileType = sourcecode.cpp.h; path = snake.hpp; sourceTree = "<group>"; };
		DC1D064126A09A070099500C /* food.cpp */ = {isa = PBXFileReference; lastKnownFileType = sourcecode.cpp.cpp; path = food.cpp; sourceTree = "<group>"; };
		DC1D064226A09A070099500C /* food.hpp */ = {isa = PBXFileReference; lastKnownFileType = sourcecode.cpp.h; path = food.hpp; sourceTree = "<group>"; };
		DC6E96D826A0E80100CC805C /* matrix.cpp */ = {isa = PBXFileReference; lastKnownFileType = sourcecode.cpp.cpp; path = matrix.cpp; sourceTree = "<group>"; };
		DC6E96D926A0E80100CC805C /* matrix.hpp */ = {isa = PBXFileReference; lastKnownFileType = sourcecode.cpp.h; path = matrix.hpp; sourceTree = "<group>"; };
		DC6E96DC26A0E9F200CC805C /* neural_network.cpp */ = {isa = PBXFileReference; lastKnownFileType = sourcecode.cpp.cpp; path = neural_network.cpp; sourceTree = "<group>"; };
		DC6E96DD26A0E9F200CC805C /* neural_network.hpp */ = {isa = PBXFileReference; lastKnownFileType = sourcecode.cpp.h; path = neural_network.hpp; sourceTree = "<group>"; };
/* End PBXFileReference section */

/* Begin PBXFrameworksBuildPhase section */
		DC1D061226A091E10099500C /* Frameworks */ = {
			isa = PBXFrameworksBuildPhase;
			buildActionMask = 2147483647;
			files = (
			);
			runOnlyForDeploymentPostprocessing = 0;
		};
/* End PBXFrameworksBuildPhase section */

/* Begin PBXGroup section */
		DC1D060C26A091E10099500C = {
			isa = PBXGroup;
			children = (
				DC1D061826A091E10099500C /* SnakeAI */,
				DC1D061726A091E10099500C /* Products */,
			);
			sourceTree = "<group>";
		};
		DC1D061726A091E10099500C /* Products */ = {
			isa = PBXGroup;
			children = (
				DC1D061626A091E10099500C /* SnakeAI.app */,
			);
			name = Products;
			sourceTree = "<group>";
		};
		DC1D061826A091E10099500C /* SnakeAI */ = {
			isa = PBXGroup;
			children = (
				DC6E96DB26A0E9DA00CC805C /* neural_network */,
				DC6E96D726A0E7F100CC805C /* matrix */,
				DC1D063726A099340099500C /* snake_game */,
				DC1D062F26A0941C0099500C /* app */,
				DC1D062E26A094140099500C /* utils */,
				DC1D061E26A091E10099500C /* main.cpp */,
			);
			path = SnakeAI;
			sourceTree = "<group>";
		};
		DC1D062E26A094140099500C /* utils */ = {
			isa = PBXGroup;
			children = (
				DC1D063026A0943E0099500C /* utils.cpp */,
				DC1D063126A0943E0099500C /* utils.hpp */,
				DC1D063326A094500099500C /* constants.h */,
			);
			path = utils;
			sourceTree = "<group>";
		};
		DC1D062F26A0941C0099500C /* app */ = {
			isa = PBXGroup;
			children = (
				DC1D063426A094F00099500C /* application.cpp */,
				DC1D063526A094F00099500C /* application.hpp */,
			);
			path = app;
			sourceTree = "<group>";
		};
		DC1D063726A099340099500C /* snake_game */ = {
			isa = PBXGroup;
			children = (
				DC1D063C26A099EB0099500C /* food */,
				DC1D063B26A099E50099500C /* snake */,
				DC1D063826A099E20099500C /* snake_game.cpp */,
				DC1D063926A099E20099500C /* snake_game.hpp */,
			);
			path = snake_game;
			sourceTree = "<group>";
		};
		DC1D063B26A099E50099500C /* snake */ = {
			isa = PBXGroup;
			children = (
				DC1D063E26A099FE0099500C /* snake.cpp */,
				DC1D063F26A099FE0099500C /* snake.hpp */,
			);
			path = snake;
			sourceTree = "<group>";
		};
		DC1D063C26A099EB0099500C /* food */ = {
			isa = PBXGroup;
			children = (
				DC1D064126A09A070099500C /* food.cpp */,
				DC1D064226A09A070099500C /* food.hpp */,
			);
			path = food;
			sourceTree = "<group>";
		};
		DC6E96D726A0E7F100CC805C /* matrix */ = {
			isa = PBXGroup;
			children = (
				DC6E96D826A0E80100CC805C /* matrix.cpp */,
				DC6E96D926A0E80100CC805C /* matrix.hpp */,
			);
			path = matrix;
			sourceTree = "<group>";
		};
		DC6E96DB26A0E9DA00CC805C /* neural_network */ = {
			isa = PBXGroup;
			children = (
				DC6E96DC26A0E9F200CC805C /* neural_network.cpp */,
				DC6E96DD26A0E9F200CC805C /* neural_network.hpp */,
			);
			path = neural_network;
			sourceTree = "<group>";
		};
/* End PBXGroup section */

/* Begin PBXNativeTarget section */
		DC1D061526A091E10099500C /* SnakeAI */ = {
			isa = PBXNativeTarget;
			buildConfigurationList = DC1D062B26A091E10099500C /* Build configuration list for PBXNativeTarget "SnakeAI" */;
			buildPhases = (
				DC1D061126A091E10099500C /* Sources */,
				DC1D061226A091E10099500C /* Frameworks */,
				DC1D061326A091E10099500C /* Resources */,
				DC1D061426A091E10099500C /* ShellScript */,
			);
			buildRules = (
			);
			dependencies = (
			);
			name = SnakeAI;
			productName = SnakeAI;
			productReference = DC1D061626A091E10099500C /* SnakeAI.app */;
			productType = "com.apple.product-type.application";
		};
/* End PBXNativeTarget section */

/* Begin PBXProject section */
		DC1D060D26A091E10099500C /* Project object */ = {
			isa = PBXProject;
			attributes = {
				BuildIndependentTargetsInParallel = 1;
				LastUpgradeCheck = 1300;
				ORGANIZATIONNAME = "Noé";
				TargetAttributes = {
					DC1D061526A091E10099500C = {
						CreatedOnToolsVersion = 13.0;
					};
				};
			};
			buildConfigurationList = DC1D061026A091E10099500C /* Build configuration list for PBXProject "SnakeAI" */;
			compatibilityVersion = "Xcode 13.0";
			developmentRegion = en;
			hasScannedForEncodings = 0;
			knownRegions = (
				en,
				Base,
			);
			mainGroup = DC1D060C26A091E10099500C;
			productRefGroup = DC1D061726A091E10099500C /* Products */;
			projectDirPath = "";
			projectRoot = "";
			targets = (
				DC1D061526A091E10099500C /* SnakeAI */,
			);
		};
/* End PBXProject section */

/* Begin PBXResourcesBuildPhase section */
		DC1D061326A091E10099500C /* Resources */ = {
			isa = PBXResourcesBuildPhase;
			buildActionMask = 2147483647;
			files = (
			);
			runOnlyForDeploymentPostprocessing = 0;
		};
/* End PBXResourcesBuildPhase section */

/* Begin PBXShellScriptBuildPhase section */
		DC1D061426A091E10099500C /* ShellScript */ = {
			isa = PBXShellScriptBuildPhase;
			buildActionMask = 8;
			files = (
			);
			inputFileListPaths = (
			);
			inputPaths = (
			);
			outputFileListPaths = (
			);
			outputPaths = (
			);
			runOnlyForDeploymentPostprocessing = 1;
			shellPath = /bin/sh;
			shellScript = "# This shell script simply copies required SFML dylibs/frameworks into the application bundle frameworks folder.\n# If you're using static libraries (which is not recommended) you should remove this script from your project.\n\n# SETTINGS\nSFML_DEPENDENCIES_INSTALL_PREFIX=\"/Users/SFML/Desktop/packaging/tmp/install/Library/Frameworks\"\nCMAKE_INSTALL_FRAMEWORK_PREFIX=\"/Users/SFML/Desktop/packaging/tmp/install/Library/Frameworks\"\nCMAKE_INSTALL_LIB_PREFIX=\"/Users/SFML/Desktop/packaging/tmp/install/Library/Frameworks/lib\"\nFRAMEWORKS_FULL_PATH=\"$BUILT_PRODUCTS_DIR/$FRAMEWORKS_FOLDER_PATH/\"\n\n# Are we building a project that uses frameworks or dylibs?\ncase \"$SFML_BINARY_TYPE\" in\n    DYLIBS)\n        frameworks=\"false\"\n        ;;\n    *)\n        frameworks=\"true\"\n        ;;\nesac\n\n# Echoes to stderr\nerror () # $* message to display\n{\n    echo $* 1>&2\n    exit 2\n}\n\nassert () # $1 is a boolean, $2...N is an error message\n{\n    if [ $# -lt 2 ]\n    then\n        error \"Internal error in assert: not enough args\"\n    fi\n\n    if [ $1 -ne 0 ]\n    then\n        shift\n        error \"$*\"\n    fi\n}\n\nforce_remove () # $@ is some paths\n{\n    test $# -ge 1\n    assert $? \"force_remove() requires at least one parameter\"\n    rm -fr $@\n    assert $? \"couldn't remove $@\"\n}\n\ncopy () # $1 is a source, $2 is a destination\n{\n    test $# -eq 2\n    assert $? \"copy() requires two parameters\"\n    ditto \"$1\" \"$2\"\n    assert $? \"couldn't copy $1 to $2\"\n}\n\nrequire () # $1 is a SFML module like 'system' or 'audio'\n{\n    dest=\"$BUILT_PRODUCTS_DIR/$FRAMEWORKS_FOLDER_PATH/\"\n\n    if [ -z \"$1\" ]\n    then\n        error \"require() requires one parameter!\"\n    else\n        # clean potentially old stuff\n        force_remove \"$dest/libsfml-$1\"*\n        force_remove \"$dest/sfml-$1.framework\"\n\n        # copy SFML libraries\n        if [ \"$frameworks\" = \"true\" ]\n        then\n            source=\"$CMAKE_INSTALL_FRAMEWORK_PREFIX/sfml-$1.framework\"\n            target=\"sfml-$1.framework\"\n        elif [ \"$SFML_LINK_DYLIBS_SUFFIX\" = \"-d\" ]\n        then\n            source=\"$CMAKE_INSTALL_LIB_PREFIX/libsfml-$1-d.dylib\"\n            target=\"`readlink $source`\"\n        else\n            source=\"$CMAKE_INSTALL_LIB_PREFIX/libsfml-$1.dylib\"\n            target=\"`readlink $source`\"\n        fi\n\n        copy \"$source\" \"$dest/$target\"\n\n        # copy extra dependencies\n        if [ \"$1\" = \"audio\" ]\n        then\n            # copy \"FLAC\" \"ogg\" \"vorbis\" \"vorbisenc\" \"vorbisfile\" \"OpenAL\" frameworks too\n            for f in \"FLAC\" \"ogg\" \"vorbis\" \"vorbisenc\" \"vorbisfile\" \"OpenAL\"\n            do\n                copy \"$SFML_DEPENDENCIES_INSTALL_PREFIX/$f.framework\" \"$dest/$f.framework\"\n            done\n        elif [ \"$1\" = \"graphics\" ]\n        then\n            copy \"$SFML_DEPENDENCIES_INSTALL_PREFIX/freetype.framework\" \"$dest/freetype.framework\"\n        fi\n    fi\n}\n\nif [ -n \"$SFML_SYSTEM\" ]\nthen\n    require \"system\"\nfi\n\nif [ -n \"$SFML_AUDIO\" ]\nthen\n    require \"audio\"\nfi\n\nif [ -n \"$SFML_NETWORK\" ]\nthen\n    require \"network\"\nfi\n\nif [ -n \"$SFML_WINDOW\" ]\nthen\n    require \"window\"\nfi\n\nif [ -n \"$SFML_GRAPHICS\" ]\nthen\n    require \"graphics\"\nfi\n\n                \n";
		};
/* End PBXShellScriptBuildPhase section */

/* Begin PBXSourcesBuildPhase section */
		DC1D061126A091E10099500C /* Sources */ = {
			isa = PBXSourcesBuildPhase;
			buildActionMask = 2147483647;
			files = (
				DC1D064026A099FE0099500C /* snake.cpp in Sources */,
				DC1D061F26A091E10099500C /* main.cpp in Sources */,
				DC1D063226A0943E0099500C /* utils.cpp in Sources */,
				DC6E96DE26A0E9F200CC805C /* neural_network.cpp in Sources */,
				DC6E96DA26A0E80100CC805C /* matrix.cpp in Sources */,
				DC1D063A26A099E20099500C /* snake_game.cpp in Sources */,
				DC1D063626A094F00099500C /* application.cpp in Sources */,
				DC1D064326A09A070099500C /* food.cpp in Sources */,
			);
			runOnlyForDeploymentPostprocessing = 0;
		};
/* End PBXSourcesBuildPhase section */

/* Begin XCBuildConfiguration section */
		DC1D062926A091E10099500C /* Debug */ = {
			isa = XCBuildConfiguration;
			buildSettings = {
				ARCHS = "$(NATIVE_ARCH_ACTUAL)";
				CLANG_CXX_LANGUAGE_STANDARD = "c++11";
				CLANG_CXX_LIBRARY = "libc++";
				FRAMEWORK_SEARCH_PATHS = (
					/Library/Frameworks/,
					"$(inherited)",
				);
				GCC_VERSION = com.apple.compilers.llvm.clang.1_0;
				HEADER_SEARCH_PATHS = (
					/usr/local/include/,
					"$(inherited)",
				);
				LIBRARY_SEARCH_PATHS = (
					/usr/local/lib/,
					"$(inherited)",
				);
				MACOSX_DEPLOYMENT_TARGET = 10.7;
				OTHER_LDFLAGS = (
					"$(inherited)",
					"$(SFML_SYSTEM)",
					"$(SFML_WINDOW)",
					"$(SFML_GRAPHICS)",
					"$(SFML_AUDIO)",
					"$(SFML_NETWORK)",
				);
				SFML_AUDIO = "$(SFML_LINK_PREFIX) sfml-audio$(SFML_LINK_SUFFIX)";
				SFML_BINARY_TYPE = FRAMEWORKS;
				SFML_GRAPHICS = "$(SFML_LINK_PREFIX) sfml-graphics$(SFML_LINK_SUFFIX)";
				SFML_LINK_DYLIBS_PREFIX = "-l";
				SFML_LINK_DYLIBS_SUFFIX = "";
				SFML_LINK_FRAMEWORKS_PREFIX = "-framework";
				SFML_LINK_FRAMEWORKS_SUFFIX = "";
				SFML_LINK_PREFIX = "$(SFML_LINK_$(SFML_BINARY_TYPE)_PREFIX)";
				SFML_LINK_SUFFIX = "$(SFML_LINK_$(SFML_BINARY_TYPE)_SUFFIX)";
				SFML_NETWORK = "";
				SFML_SYSTEM = "$(SFML_LINK_PREFIX) sfml-system$(SFML_LINK_SUFFIX)";
				SFML_WINDOW = "$(SFML_LINK_PREFIX) sfml-window$(SFML_LINK_SUFFIX)";
				SUPPORTED_PLATFORMS = macosx;
			};
			name = Debug;
		};
		DC1D062A26A091E10099500C /* Release */ = {
			isa = XCBuildConfiguration;
			buildSettings = {
				ARCHS = "$(NATIVE_ARCH_ACTUAL)";
				CLANG_CXX_LANGUAGE_STANDARD = "c++11";
				CLANG_CXX_LIBRARY = "libc++";
				FRAMEWORK_SEARCH_PATHS = (
					/Library/Frameworks/,
					"$(inherited)",
				);
				GCC_VERSION = com.apple.compilers.llvm.clang.1_0;
				HEADER_SEARCH_PATHS = (
					/usr/local/include/,
					"$(inherited)",
				);
				LIBRARY_SEARCH_PATHS = (
					/usr/local/lib/,
					"$(inherited)",
				);
				MACOSX_DEPLOYMENT_TARGET = 10.7;
				OTHER_LDFLAGS = (
					"$(inherited)",
					"$(SFML_SYSTEM)",
					"$(SFML_WINDOW)",
					"$(SFML_GRAPHICS)",
					"$(SFML_AUDIO)",
					"$(SFML_NETWORK)",
				);
				SFML_AUDIO = "$(SFML_LINK_PREFIX) sfml-audio$(SFML_LINK_SUFFIX)";
				SFML_BINARY_TYPE = FRAMEWORKS;
				SFML_GRAPHICS = "$(SFML_LINK_PREFIX) sfml-graphics$(SFML_LINK_SUFFIX)";
				SFML_LINK_DYLIBS_PREFIX = "-l";
				SFML_LINK_DYLIBS_SUFFIX = "";
				SFML_LINK_FRAMEWORKS_PREFIX = "-framework";
				SFML_LINK_FRAMEWORKS_SUFFIX = "";
				SFML_LINK_PREFIX = "$(SFML_LINK_$(SFML_BINARY_TYPE)_PREFIX)";
				SFML_LINK_SUFFIX = "$(SFML_LINK_$(SFML_BINARY_TYPE)_SUFFIX)";
				SFML_NETWORK = "";
				SFML_SYSTEM = "$(SFML_LINK_PREFIX) sfml-system$(SFML_LINK_SUFFIX)";
				SFML_WINDOW = "$(SFML_LINK_PREFIX) sfml-window$(SFML_LINK_SUFFIX)";
				SUPPORTED_PLATFORMS = macosx;
			};
			name = Release;
		};
		DC1D062C26A091E10099500C /* Debug */ = {
			isa = XCBuildConfiguration;
			buildSettings = {
				ALWAYS_SEARCH_USER_PATHS = NO;
				ARCHS = "$(ARCHS_STANDARD)";
				CODE_SIGN_STYLE = Automatic;
				EXCLUDED_ARCHS = arm64;
				INFOPLIST_FILE = "SnakeAI/SnakeAI-Info.plist";
				LD_RUNPATH_SEARCH_PATHS = "@loader_path/../Frameworks";
				MACOSX_DEPLOYMENT_TARGET = 12.0;
				PRODUCT_BUNDLE_IDENTIFIER = noe.vernier.SnakeAI;
				PRODUCT_NAME = "$(TARGET_NAME)";
			};
			name = Debug;
		};
		DC1D062D26A091E10099500C /* Release */ = {
			isa = XCBuildConfiguration;
			buildSettings = {
				ALWAYS_SEARCH_USER_PATHS = NO;
				ARCHS = "$(ARCHS_STANDARD)";
				CODE_SIGN_STYLE = Automatic;
				EXCLUDED_ARCHS = arm64;
				INFOPLIST_FILE = "SnakeAI/SnakeAI-Info.plist";
				LD_RUNPATH_SEARCH_PATHS = "@loader_path/../Frameworks";
				MACOSX_DEPLOYMENT_TARGET = 12.0;
				PRODUCT_BUNDLE_IDENTIFIER = noe.vernier.SnakeAI;
				PRODUCT_NAME = "$(TARGET_NAME)";
			};
			name = Release;
		};
/* End XCBuildConfiguration section */

/* Begin XCConfigurationList section */
		DC1D061026A091E10099500C /* Build configuration list for PBXProject "SnakeAI" */ = {
			isa = XCConfigurationList;
			buildConfigurations = (
				DC1D062926A091E10099500C /* Debug */,
				DC1D062A26A091E10099500C /* Release */,
			);
			defaultConfigurationIsVisible = 0;
			defaultConfigurationName = Release;
		};
		DC1D062B26A091E10099500C /* Build configuration list for PBXNativeTarget "SnakeAI" */ = {
			isa = XCConfigurationList;
			buildConfigurations = (
				DC1D062C26A091E10099500C /* Debug */,
				DC1D062D26A091E10099500C /* Release */,
			);
			defaultConfigurationIsVisible = 0;
			defaultConfigurationName = Release;
		};
/* End XCConfigurationList section */
	};
	rootObject = DC1D060D26A091E10099500C /* Project object */;
}
